
Microsoft Visual Studio Solution File, Format Version 12.00
# Visual Studio Version 17
VisualStudioVersion = 17.4.33122.133
MinimumVisualStudioVersion = 10.0.40219.1
Project("{FAE04EC0-301F-11D3-BF4B-00C04F79EFBC}") = "ConsoleApp1", "ConsoleApp1\ConsoleApp1.csproj", "{57B773DD-7011-4802-BACA-FBC3247FA72C}"
EndProject
Project("{FAE04EC0-301F-11D3-BF4B-00C04F79EFBC}") = "Outils", "Outils\Outils.csproj", "{49861873-DD78-4A35-9E7F-318BAA9239A6}"
EndProject
Project("{FAE04EC0-301F-11D3-BF4B-00C04F79EFBC}") = "Factory", "Factory\Factory.csproj", "{C3722889-01D0-4420-A2FC-9ECE6F69010D}"
EndProject
Project("{FAE04EC0-301F-11D3-BF4B-00C04F79EFBC}") = "LaCentrale", "LaCentrale\LaCentrale.csproj", "{07C72BB7-5DFE-4ABB-996F-7B4E0E22DF50}"
EndProject
Project("{FAE04EC0-301F-11D3-BF4B-00C04F79EFBC}") = "MultiThread", "MultiThread\MultiThread.csproj", "{80E1C7B6-1872-49FC-89FC-CEF34DB92F93}"
EndProject
Project("{FAE04EC0-301F-11D3-BF4B-00C04F79EFBC}") = "DemoLinq", "DemoLinq\DemoLinq.csproj", "{C0AC3B41-0704-4E01-82CF-C0DB1304904F}"
EndProject
Project("{FAE04EC0-301F-11D3-BF4B-00C04F79EFBC}") = "MethodeExtension", "MethodeExtension\MethodeExtension.csproj", "{71C1264E-CD42-46F8-A726-48A9B69F45EC}"
EndProject
Project("{FAE04EC0-301F-11D3-BF4B-00C04F79EFBC}") = "Attribut", "Attribut\Attribut.csproj", "{8C698E68-441A-4A3B-B924-68FAB9B81D94}"
EndProject
Project("{FAE04EC0-301F-11D3-BF4B-00C04F79EFBC}") = "DemoNullable", "DemoNullable\DemoNullable.csproj", "{F14C4782-18A1-4075-90F5-CBB58DCEB8B9}"
EndProject
Project("{FAE04EC0-301F-11D3-BF4B-00C04F79EFBC}") = "WpfApp1", "WpfApp1\WpfApp1.csproj", "{A393C0DA-7F42-40F8-88B1-4D1B86986AD4}"
EndProject
Project("{FAE04EC0-301F-11D3-BF4B-00C04F79EFBC}") = "Generique", "Generique\Generique.csproj", "{E0949F2F-7C5D-49EE-9D5C-AA89CE018D2E}"
EndProject
Project("{2150E333-8FDC-42A3-9474-1A3956D46DE8}") = "CSharp", "CSharp", "{B25D40B2-7B49-40F2-B6E8-4C430D85E5DB}"
EndProject
Project("{2150E333-8FDC-42A3-9474-1A3956D46DE8}") = "ADO", "ADO", "{EC2BC23C-4E63-498A-AC4C-64825BE6FEFE}"
EndProject
Project("{FAE04EC0-301F-11D3-BF4B-00C04F79EFBC}") = "Natif", "Natif\Natif.csproj", "{4A9E36E5-FA97-45B9-BB47-6D1C34AAF65B}"
EndProject
Project("{FAE04EC0-301F-11D3-BF4B-00C04F79EFBC}") = "DatabaseFirst", "ModeleEntite\DatabaseFirst.csproj", "{34C44FA3-0E3C-498E-BF23-A59C2930C001}"
EndProject
Project("{FAE04EC0-301F-11D3-BF4B-00C04F79EFBC}") = "CodeFirst", "CodeFirst\CodeFirst.csproj", "{9BAF414F-7321-48A7-ABAA-8AC711E88B82}"
EndProject
Project("{9A19103F-16F7-4668-BE54-9A1E7A4F7556}") = "DemoWpfApp", "DemoWpfApp\DemoWpfApp.csproj", "{C5A0976B-F33E-4214-ADB8-123C7F993E64}"
EndProject
Project("{2150E333-8FDC-42A3-9474-1A3956D46DE8}") = "Wpf", "Wpf", "{B6A9F07C-7D3F-43F9-B63F-95F1EAA3A9BA}"
EndProject
Project("{9A19103F-16F7-4668-BE54-9A1E7A4F7556}") = "DemoWpfApp.Metier", "DemoWpfApp.Metier\DemoWpfApp.Metier.csproj", "{E53B1E80-5CB9-4565-A151-618F8E7E8A71}"
EndProject
Project("{2150E333-8FDC-42A3-9474-1A3956D46DE8}") = "Services", "Services", "{309BDF34-0A09-42B2-91EE-7DDD28AF8167}"
EndProject
Project("{FAE04EC0-301F-11D3-BF4B-00C04F79EFBC}") = "WCFClient", "WCFClient\WCFClient.csproj", "{44B021CD-241B-441C-9C2B-3E53692B6A2F}"
EndProject
Project("{FAE04EC0-301F-11D3-BF4B-00C04F79EFBC}") = "WCFService", "WCFService\WCFService.csproj", "{5E4325B1-6781-422C-BDA5-805C21344117}"
EndProject
Project("{FAE04EC0-301F-11D3-BF4B-00C04F79EFBC}") = "WCFContrat", "WCFContrat\WCFContrat.csproj", "{034AD8E1-AF84-480D-A7CE-76A37BC98839}"
EndProject
Project("{FAE04EC0-301F-11D3-BF4B-00C04F79EFBC}") = "WCFHost", "WCFHost\WCFHost.csproj", "{D426C9F3-48ED-4FB9-89E0-0087C58E7A18}"
EndProject
Global
	GlobalSection(SolutionConfigurationPlatforms) = preSolution
		Debug|Any CPU = Debug|Any CPU
		Release|Any CPU = Release|Any CPU
	EndGlobalSection
	GlobalSection(ProjectConfigurationPlatforms) = postSolution
		{57B773DD-7011-4802-BACA-FBC3247FA72C}.Debug|Any CPU.ActiveCfg = Debug|Any CPU
		{57B773DD-7011-4802-BACA-FBC3247FA72C}.Debug|Any CPU.Build.0 = Debug|Any CPU
		{57B773DD-7011-4802-BACA-FBC3247FA72C}.Release|Any CPU.ActiveCfg = Release|Any CPU
		{57B773DD-7011-4802-BACA-FBC3247FA72C}.Release|Any CPU.Build.0 = Release|Any CPU
		{49861873-DD78-4A35-9E7F-318BAA9239A6}.Debug|Any CPU.ActiveCfg = Debug|Any CPU
		{49861873-DD78-4A35-9E7F-318BAA9239A6}.Debug|Any CPU.Build.0 = Debug|Any CPU
		{49861873-DD78-4A35-9E7F-318BAA9239A6}.Release|Any CPU.ActiveCfg = Release|Any CPU
		{49861873-DD78-4A35-9E7F-318BAA9239A6}.Release|Any CPU.Build.0 = Release|Any CPU
		{C3722889-01D0-4420-A2FC-9ECE6F69010D}.Debug|Any CPU.ActiveCfg = Debug|Any CPU
		{C3722889-01D0-4420-A2FC-9ECE6F69010D}.Debug|Any CPU.Build.0 = Debug|Any CPU
		{C3722889-01D0-4420-A2FC-9ECE6F69010D}.Release|Any CPU.ActiveCfg = Release|Any CPU
		{C3722889-01D0-4420-A2FC-9ECE6F69010D}.Release|Any CPU.Build.0 = Release|Any CPU
		{07C72BB7-5DFE-4ABB-996F-7B4E0E22DF50}.Debug|Any CPU.ActiveCfg = Debug|Any CPU
		{07C72BB7-5DFE-4ABB-996F-7B4E0E22DF50}.Debug|Any CPU.Build.0 = Debug|Any CPU
		{07C72BB7-5DFE-4ABB-996F-7B4E0E22DF50}.Release|Any CPU.ActiveCfg = Release|Any CPU
		{07C72BB7-5DFE-4ABB-996F-7B4E0E22DF50}.Release|Any CPU.Build.0 = Release|Any CPU
		{80E1C7B6-1872-49FC-89FC-CEF34DB92F93}.Debug|Any CPU.ActiveCfg = Debug|Any CPU
		{80E1C7B6-1872-49FC-89FC-CEF34DB92F93}.Debug|Any CPU.Build.0 = Debug|Any CPU
		{80E1C7B6-1872-49FC-89FC-CEF34DB92F93}.Release|Any CPU.ActiveCfg = Release|Any CPU
		{80E1C7B6-1872-49FC-89FC-CEF34DB92F93}.Release|Any CPU.Build.0 = Release|Any CPU
		{C0AC3B41-0704-4E01-82CF-C0DB1304904F}.Debug|Any CPU.ActiveCfg = Debug|Any CPU
		{C0AC3B41-0704-4E01-82CF-C0DB1304904F}.Debug|Any CPU.Build.0 = Debug|Any CPU
		{C0AC3B41-0704-4E01-82CF-C0DB1304904F}.Release|Any CPU.ActiveCfg = Release|Any CPU
		{C0AC3B41-0704-4E01-82CF-C0DB1304904F}.Release|Any CPU.Build.0 = Release|Any CPU
		{71C1264E-CD42-46F8-A726-48A9B69F45EC}.Debug|Any CPU.ActiveCfg = Debug|Any CPU
		{71C1264E-CD42-46F8-A726-48A9B69F45EC}.Debug|Any CPU.Build.0 = Debug|Any CPU
		{71C1264E-CD42-46F8-A726-48A9B69F45EC}.Release|Any CPU.ActiveCfg = Release|Any CPU
		{71C1264E-CD42-46F8-A726-48A9B69F45EC}.Release|Any CPU.Build.0 = Release|Any CPU
		{8C698E68-441A-4A3B-B924-68FAB9B81D94}.Debug|Any CPU.ActiveCfg = Debug|Any CPU
		{8C698E68-441A-4A3B-B924-68FAB9B81D94}.Debug|Any CPU.Build.0 = Debug|Any CPU
		{8C698E68-441A-4A3B-B924-68FAB9B81D94}.Release|Any CPU.ActiveCfg = Release|Any CPU
		{8C698E68-441A-4A3B-B924-68FAB9B81D94}.Release|Any CPU.Build.0 = Release|Any CPU
		{F14C4782-18A1-4075-90F5-CBB58DCEB8B9}.Debug|Any CPU.ActiveCfg = Debug|Any CPU
		{F14C4782-18A1-4075-90F5-CBB58DCEB8B9}.Debug|Any CPU.Build.0 = Debug|Any CPU
		{F14C4782-18A1-4075-90F5-CBB58DCEB8B9}.Release|Any CPU.ActiveCfg = Release|Any CPU
		{F14C4782-18A1-4075-90F5-CBB58DCEB8B9}.Release|Any CPU.Build.0 = Release|Any CPU
		{A393C0DA-7F42-40F8-88B1-4D1B86986AD4}.Debug|Any CPU.ActiveCfg = Debug|Any CPU
		{A393C0DA-7F42-40F8-88B1-4D1B86986AD4}.Debug|Any CPU.Build.0 = Debug|Any CPU
		{A393C0DA-7F42-40F8-88B1-4D1B86986AD4}.Release|Any CPU.ActiveCfg = Release|Any CPU
		{A393C0DA-7F42-40F8-88B1-4D1B86986AD4}.Release|Any CPU.Build.0 = Release|Any CPU
		{E0949F2F-7C5D-49EE-9D5C-AA89CE018D2E}.Debug|Any CPU.ActiveCfg = Debug|Any CPU
		{E0949F2F-7C5D-49EE-9D5C-AA89CE018D2E}.Debug|Any CPU.Build.0 = Debug|Any CPU
		{E0949F2F-7C5D-49EE-9D5C-AA89CE018D2E}.Release|Any CPU.ActiveCfg = Release|Any CPU
		{E0949F2F-7C5D-49EE-9D5C-AA89CE018D2E}.Release|Any CPU.Build.0 = Release|Any CPU
		{4A9E36E5-FA97-45B9-BB47-6D1C34AAF65B}.Debug|Any CPU.ActiveCfg = Debug|Any CPU
		{4A9E36E5-FA97-45B9-BB47-6D1C34AAF65B}.Debug|Any CPU.Build.0 = Debug|Any CPU
		{4A9E36E5-FA97-45B9-BB47-6D1C34AAF65B}.Release|Any CPU.ActiveCfg = Release|Any CPU
		{4A9E36E5-FA97-45B9-BB47-6D1C34AAF65B}.Release|Any CPU.Build.0 = Release|Any CPU
		{34C44FA3-0E3C-498E-BF23-A59C2930C001}.Debug|Any CPU.ActiveCfg = Debug|Any CPU
		{34C44FA3-0E3C-498E-BF23-A59C2930C001}.Debug|Any CPU.Build.0 = Debug|Any CPU
		{34C44FA3-0E3C-498E-BF23-A59C2930C001}.Release|Any CPU.ActiveCfg = Release|Any CPU
		{34C44FA3-0E3C-498E-BF23-A59C2930C001}.Release|Any CPU.Build.0 = Release|Any CPU
		{9BAF414F-7321-48A7-ABAA-8AC711E88B82}.Debug|Any CPU.ActiveCfg = Debug|Any CPU
		{9BAF414F-7321-48A7-ABAA-8AC711E88B82}.Debug|Any CPU.Build.0 = Debug|Any CPU
		{9BAF414F-7321-48A7-ABAA-8AC711E88B82}.Release|Any CPU.ActiveCfg = Release|Any CPU
		{9BAF414F-7321-48A7-ABAA-8AC711E88B82}.Release|Any CPU.Build.0 = Release|Any CPU
		{C5A0976B-F33E-4214-ADB8-123C7F993E64}.Debug|Any CPU.ActiveCfg = Debug|Any CPU
		{C5A0976B-F33E-4214-ADB8-123C7F993E64}.Debug|Any CPU.Build.0 = Debug|Any CPU
		{C5A0976B-F33E-4214-ADB8-123C7F993E64}.Release|Any CPU.ActiveCfg = Release|Any CPU
		{C5A0976B-F33E-4214-ADB8-123C7F993E64}.Release|Any CPU.Build.0 = Release|Any CPU
		{E53B1E80-5CB9-4565-A151-618F8E7E8A71}.Debug|Any CPU.ActiveCfg = Debug|Any CPU
		{E53B1E80-5CB9-4565-A151-618F8E7E8A71}.Debug|Any CPU.Build.0 = Debug|Any CPU
		{E53B1E80-5CB9-4565-A151-618F8E7E8A71}.Release|Any CPU.ActiveCfg = Release|Any CPU
		{E53B1E80-5CB9-4565-A151-618F8E7E8A71}.Release|Any CPU.Build.0 = Release|Any CPU
		{44B021CD-241B-441C-9C2B-3E53692B6A2F}.Debug|Any CPU.ActiveCfg = Debug|Any CPU
		{44B021CD-241B-441C-9C2B-3E53692B6A2F}.Debug|Any CPU.Build.0 = Debug|Any CPU
		{44B021CD-241B-441C-9C2B-3E53692B6A2F}.Release|Any CPU.ActiveCfg = Release|Any CPU
		{44B021CD-241B-441C-9C2B-3E53692B6A2F}.Release|Any CPU.Build.0 = Release|Any CPU
		{5E4325B1-6781-422C-BDA5-805C21344117}.Debug|Any CPU.ActiveCfg = Debug|Any CPU
		{5E4325B1-6781-422C-BDA5-805C21344117}.Debug|Any CPU.Build.0 = Debug|Any CPU
		{5E4325B1-6781-422C-BDA5-805C21344117}.Release|Any CPU.ActiveCfg = Release|Any CPU
		{5E4325B1-6781-422C-BDA5-805C21344117}.Release|Any CPU.Build.0 = Release|Any CPU
		{034AD8E1-AF84-480D-A7CE-76A37BC98839}.Debug|Any CPU.ActiveCfg = Debug|Any CPU
		{034AD8E1-AF84-480D-A7CE-76A37BC98839}.Debug|Any CPU.Build.0 = Debug|Any CPU
		{034AD8E1-AF84-480D-A7CE-76A37BC98839}.Release|Any CPU.ActiveCfg = Release|Any CPU
		{034AD8E1-AF84-480D-A7CE-76A37BC98839}.Release|Any CPU.Build.0 = Release|Any CPU
		{D426C9F3-48ED-4FB9-89E0-0087C58E7A18}.Debug|Any CPU.ActiveCfg = Debug|Any CPU
		{D426C9F3-48ED-4FB9-89E0-0087C58E7A18}.Debug|Any CPU.Build.0 = Debug|Any CPU
		{D426C9F3-48ED-4FB9-89E0-0087C58E7A18}.Release|Any CPU.ActiveCfg = Release|Any CPU
		{D426C9F3-48ED-4FB9-89E0-0087C58E7A18}.Release|Any CPU.Build.0 = Release|Any CPU
	EndGlobalSection
	GlobalSection(SolutionProperties) = preSolution
		HideSolutionNode = FALSE
	EndGlobalSection
	GlobalSection(NestedProjects) = preSolution
		{57B773DD-7011-4802-BACA-FBC3247FA72C} = {B25D40B2-7B49-40F2-B6E8-4C430D85E5DB}
		{49861873-DD78-4A35-9E7F-318BAA9239A6} = {B25D40B2-7B49-40F2-B6E8-4C430D85E5DB}
		{C3722889-01D0-4420-A2FC-9ECE6F69010D} = {B25D40B2-7B49-40F2-B6E8-4C430D85E5DB}
		{07C72BB7-5DFE-4ABB-996F-7B4E0E22DF50} = {B25D40B2-7B49-40F2-B6E8-4C430D85E5DB}
		{80E1C7B6-1872-49FC-89FC-CEF34DB92F93} = {B25D40B2-7B49-40F2-B6E8-4C430D85E5DB}
		{C0AC3B41-0704-4E01-82CF-C0DB1304904F} = {B25D40B2-7B49-40F2-B6E8-4C430D85E5DB}
		{71C1264E-CD42-46F8-A726-48A9B69F45EC} = {B25D40B2-7B49-40F2-B6E8-4C430D85E5DB}
		{8C698E68-441A-4A3B-B924-68FAB9B81D94} = {B25D40B2-7B49-40F2-B6E8-4C430D85E5DB}
		{F14C4782-18A1-4075-90F5-CBB58DCEB8B9} = {B25D40B2-7B49-40F2-B6E8-4C430D85E5DB}
		{A393C0DA-7F42-40F8-88B1-4D1B86986AD4} = {B25D40B2-7B49-40F2-B6E8-4C430D85E5DB}
		{E0949F2F-7C5D-49EE-9D5C-AA89CE018D2E} = {B25D40B2-7B49-40F2-B6E8-4C430D85E5DB}
		{4A9E36E5-FA97-45B9-BB47-6D1C34AAF65B} = {EC2BC23C-4E63-498A-AC4C-64825BE6FEFE}
		{34C44FA3-0E3C-498E-BF23-A59C2930C001} = {EC2BC23C-4E63-498A-AC4C-64825BE6FEFE}
		{9BAF414F-7321-48A7-ABAA-8AC711E88B82} = {EC2BC23C-4E63-498A-AC4C-64825BE6FEFE}
		{C5A0976B-F33E-4214-ADB8-123C7F993E64} = {B6A9F07C-7D3F-43F9-B63F-95F1EAA3A9BA}
		{E53B1E80-5CB9-4565-A151-618F8E7E8A71} = {B6A9F07C-7D3F-43F9-B63F-95F1EAA3A9BA}
		{44B021CD-241B-441C-9C2B-3E53692B6A2F} = {309BDF34-0A09-42B2-91EE-7DDD28AF8167}
		{5E4325B1-6781-422C-BDA5-805C21344117} = {309BDF34-0A09-42B2-91EE-7DDD28AF8167}
		{034AD8E1-AF84-480D-A7CE-76A37BC98839} = {309BDF34-0A09-42B2-91EE-7DDD28AF8167}
		{D426C9F3-48ED-4FB9-89E0-0087C58E7A18} = {309BDF34-0A09-42B2-91EE-7DDD28AF8167}
	EndGlobalSection
	GlobalSection(ExtensibilityGlobals) = postSolution
		SolutionGuid = {BB267C61-9829-4F99-9180-8401CD194ABD}
	EndGlobalSection
EndGlobal
